// !$*UTF8*$!
{
	archiveVersion = 1;
	classes = {
	};
	objectVersion = 46;
	objects = {

/* Begin PBXBuildFile section */
		495182701B4238EA00B1509C /* main.m in Sources */ = {isa = PBXBuildFile; fileRef = 4951826F1B4238EA00B1509C /* main.m */; };
		495182731B4238EA00B1509C /* AppDelegate.m in Sources */ = {isa = PBXBuildFile; fileRef = 495182721B4238EA00B1509C /* AppDelegate.m */; };
		495182761B4238EA00B1509C /* MasterViewController.m in Sources */ = {isa = PBXBuildFile; fileRef = 495182751B4238EA00B1509C /* MasterViewController.m */; };
		495182791B4238EA00B1509C /* DetailViewController.m in Sources */ = {isa = PBXBuildFile; fileRef = 495182781B4238EA00B1509C /* DetailViewController.m */; };
		4951827C1B4238EA00B1509C /* Main.storyboard in Resources */ = {isa = PBXBuildFile; fileRef = 4951827A1B4238EA00B1509C /* Main.storyboard */; };
		4951827E1B4238EA00B1509C /* Images.xcassets in Resources */ = {isa = PBXBuildFile; fileRef = 4951827D1B4238EA00B1509C /* Images.xcassets */; };
		495182811B4238EA00B1509C /* LaunchScreen.xib in Resources */ = {isa = PBXBuildFile; fileRef = 4951827F1B4238EA00B1509C /* LaunchScreen.xib */; };
		4951828D1B4238EA00B1509C /* QuadTest2Tests.m in Sources */ = {isa = PBXBuildFile; fileRef = 4951828C1B4238EA00B1509C /* QuadTest2Tests.m */; };
		495182981B423A2600B1509C /* HomeModel.m in Sources */ = {isa = PBXBuildFile; fileRef = 495182971B423A2600B1509C /* HomeModel.m */; };
		4951829B1B423B8A00B1509C /* FeedItem.m in Sources */ = {isa = PBXBuildFile; fileRef = 4951829A1B423B8A00B1509C /* FeedItem.m */; };
		495182B51B423D2600B1509C /* DetailTableViewController.m in Sources */ = {isa = PBXBuildFile; fileRef = 495182A11B423D2600B1509C /* DetailTableViewController.m */; };
		495182B61B423D2600B1509C /* GTMNSString+HTML.m in Sources */ = {isa = PBXBuildFile; fileRef = 495182A31B423D2600B1509C /* GTMNSString+HTML.m */; };
		495182B71B423D2600B1509C /* MWFeedInfo.m in Sources */ = {isa = PBXBuildFile; fileRef = 495182A51B423D2600B1509C /* MWFeedInfo.m */; };
		495182B81B423D2600B1509C /* MWFeedItem.m in Sources */ = {isa = PBXBuildFile; fileRef = 495182A71B423D2600B1509C /* MWFeedItem.m */; };
		495182B91B423D2600B1509C /* MWFeedParser.m in Sources */ = {isa = PBXBuildFile; fileRef = 495182A91B423D2600B1509C /* MWFeedParser.m */; };
		495182BA1B423D2600B1509C /* MWFeedParserAppDelegate.m in Sources */ = {isa = PBXBuildFile; fileRef = 495182AC1B423D2600B1509C /* MWFeedParserAppDelegate.m */; };
		495182BB1B423D2600B1509C /* NSDate+InternetDateTime.m in Sources */ = {isa = PBXBuildFile; fileRef = 495182AE1B423D2600B1509C /* NSDate+InternetDateTime.m */; };
		495182BC1B423D2600B1509C /* NSString+HTML.m in Sources */ = {isa = PBXBuildFile; fileRef = 495182B01B423D2600B1509C /* NSString+HTML.m */; };
		495182BD1B423D2600B1509C /* NSString+XMLEntities.m in Sources */ = {isa = PBXBuildFile; fileRef = 495182B21B423D2600B1509C /* NSString+XMLEntities.m */; };
		495182BE1B423D2600B1509C /* RootViewController.m in Sources */ = {isa = PBXBuildFile; fileRef = 495182B41B423D2600B1509C /* RootViewController.m */; };
		4971E47A1B435F5600482419 /* SimpleTableCell.xib in Resources */ = {isa = PBXBuildFile; fileRef = 4971E4791B435F5600482419 /* SimpleTableCell.xib */; };
		4971E47D1B43669D00482419 /* SimpleTableCell.m in Sources */ = {isa = PBXBuildFile; fileRef = 4971E47C1B43669D00482419 /* SimpleTableCell.m */; };
		4971E4961B440DDA00482419 /* QuadLogoSlogan1.png in Resources */ = {isa = PBXBuildFile; fileRef = 4971E4951B440DDA00482419 /* QuadLogoSlogan1.png */; };
		4971E4A41B44D65F00482419 /* QuadLogoSlogan1_appv@2x.png in Resources */ = {isa = PBXBuildFile; fileRef = 4971E4A31B44D65F00482419 /* QuadLogoSlogan1_appv@2x.png */; };
		4971E4A81B45171900482419 /* ImageDownloader.m in Sources */ = {isa = PBXBuildFile; fileRef = 4971E4A71B45171900482419 /* ImageDownloader.m */; };
/* End PBXBuildFile section */

/* Begin PBXContainerItemProxy section */
		495182871B4238EA00B1509C /* PBXContainerItemProxy */ = {
			isa = PBXContainerItemProxy;
			containerPortal = 495182621B4238EA00B1509C /* Project object */;
			proxyType = 1;
			remoteGlobalIDString = 495182691B4238EA00B1509C;
			remoteInfo = QuadTest2;
		};
/* End PBXContainerItemProxy section */

/* Begin PBXFileReference section */
		4951826A1B4238EA00B1509C /* QuadTest2.app */ = {isa = PBXFileReference; explicitFileType = wrapper.application; includeInIndex = 0; path = QuadTest2.app; sourceTree = BUILT_PRODUCTS_DIR; };
		4951826E1B4238EA00B1509C /* Info.plist */ = {isa = PBXFileReference; lastKnownFileType = text.plist.xml; path = Info.plist; sourceTree = "<group>"; };
		4951826F1B4238EA00B1509C /* main.m */ = {isa = PBXFileReference; lastKnownFileType = sourcecode.c.objc; path = main.m; sourceTree = "<group>"; };
		495182711B4238EA00B1509C /* AppDelegate.h */ = {isa = PBXFileReference; lastKnownFileType = sourcecode.c.h; path = AppDelegate.h; sourceTree = "<group>"; };
		495182721B4238EA00B1509C /* AppDelegate.m */ = {isa = PBXFileReference; lastKnownFileType = sourcecode.c.objc; path = AppDelegate.m; sourceTree = "<group>"; };
		495182741B4238EA00B1509C /* MasterViewController.h */ = {isa = PBXFileReference; lastKnownFileType = sourcecode.c.h; path = MasterViewController.h; sourceTree = "<group>"; };
		495182751B4238EA00B1509C /* MasterViewController.m */ = {isa = PBXFileReference; lastKnownFileType = sourcecode.c.objc; path = MasterViewController.m; sourceTree = "<group>"; };
		495182771B4238EA00B1509C /* DetailViewController.h */ = {isa = PBXFileReference; lastKnownFileType = sourcecode.c.h; path = DetailViewController.h; sourceTree = "<group>"; };
		495182781B4238EA00B1509C /* DetailViewController.m */ = {isa = PBXFileReference; lastKnownFileType = sourcecode.c.objc; path = DetailViewController.m; sourceTree = "<group>"; };
		4951827B1B4238EA00B1509C /* Base */ = {isa = PBXFileReference; lastKnownFileType = file.storyboard; name = Base; path = Base.lproj/Main.storyboard; sourceTree = "<group>"; };
		4951827D1B4238EA00B1509C /* Images.xcassets */ = {isa = PBXFileReference; lastKnownFileType = folder.assetcatalog; path = Images.xcassets; sourceTree = "<group>"; };
		495182801B4238EA00B1509C /* Base */ = {isa = PBXFileReference; lastKnownFileType = file.xib; name = Base; path = Base.lproj/LaunchScreen.xib; sourceTree = "<group>"; };
		495182861B4238EA00B1509C /* QuadTest2Tests.xctest */ = {isa = PBXFileReference; explicitFileType = wrapper.cfbundle; includeInIndex = 0; path = QuadTest2Tests.xctest; sourceTree = BUILT_PRODUCTS_DIR; };
		4951828B1B4238EA00B1509C /* Info.plist */ = {isa = PBXFileReference; lastKnownFileType = text.plist.xml; path = Info.plist; sourceTree = "<group>"; };
		4951828C1B4238EA00B1509C /* QuadTest2Tests.m */ = {isa = PBXFileReference; lastKnownFileType = sourcecode.c.objc; path = QuadTest2Tests.m; sourceTree = "<group>"; };
		495182961B423A2600B1509C /* HomeModel.h */ = {isa = PBXFileReference; fileEncoding = 4; lastKnownFileType = sourcecode.c.h; path = HomeModel.h; sourceTree = "<group>"; };
		495182971B423A2600B1509C /* HomeModel.m */ = {isa = PBXFileReference; fileEncoding = 4; lastKnownFileType = sourcecode.c.objc; path = HomeModel.m; sourceTree = "<group>"; };
		495182991B423B8A00B1509C /* FeedItem.h */ = {isa = PBXFileReference; fileEncoding = 4; lastKnownFileType = sourcecode.c.h; path = FeedItem.h; sourceTree = "<group>"; };
		4951829A1B423B8A00B1509C /* FeedItem.m */ = {isa = PBXFileReference; fileEncoding = 4; lastKnownFileType = sourcecode.c.objc; path = FeedItem.m; sourceTree = "<group>"; };
		495182A01B423D2600B1509C /* DetailTableViewController.h */ = {isa = PBXFileReference; fileEncoding = 4; lastKnownFileType = sourcecode.c.h; path = DetailTableViewController.h; sourceTree = "<group>"; };
		495182A11B423D2600B1509C /* DetailTableViewController.m */ = {isa = PBXFileReference; fileEncoding = 4; lastKnownFileType = sourcecode.c.objc; path = DetailTableViewController.m; sourceTree = "<group>"; };
		495182A21B423D2600B1509C /* GTMNSString+HTML.h */ = {isa = PBXFileReference; fileEncoding = 4; lastKnownFileType = sourcecode.c.h; path = "GTMNSString+HTML.h"; sourceTree = "<group>"; };
		495182A31B423D2600B1509C /* GTMNSString+HTML.m */ = {isa = PBXFileReference; fileEncoding = 4; lastKnownFileType = sourcecode.c.objc; path = "GTMNSString+HTML.m"; sourceTree = "<group>"; };
		495182A41B423D2600B1509C /* MWFeedInfo.h */ = {isa = PBXFileReference; fileEncoding = 4; lastKnownFileType = sourcecode.c.h; path = MWFeedInfo.h; sourceTree = "<group>"; };
		495182A51B423D2600B1509C /* MWFeedInfo.m */ = {isa = PBXFileReference; fileEncoding = 4; lastKnownFileType = sourcecode.c.objc; path = MWFeedInfo.m; sourceTree = "<group>"; };
		495182A61B423D2600B1509C /* MWFeedItem.h */ = {isa = PBXFileReference; fileEncoding = 4; lastKnownFileType = sourcecode.c.h; path = MWFeedItem.h; sourceTree = "<group>"; };
		495182A71B423D2600B1509C /* MWFeedItem.m */ = {isa = PBXFileReference; fileEncoding = 4; lastKnownFileType = sourcecode.c.objc; path = MWFeedItem.m; sourceTree = "<group>"; };
		495182A81B423D2600B1509C /* MWFeedParser.h */ = {isa = PBXFileReference; fileEncoding = 4; lastKnownFileType = sourcecode.c.h; path = MWFeedParser.h; sourceTree = "<group>"; };
		495182A91B423D2600B1509C /* MWFeedParser.m */ = {isa = PBXFileReference; fileEncoding = 4; lastKnownFileType = sourcecode.c.objc; path = MWFeedParser.m; sourceTree = "<group>"; };
		495182AA1B423D2600B1509C /* MWFeedParser_Private.h */ = {isa = PBXFileReference; fileEncoding = 4; lastKnownFileType = sourcecode.c.h; path = MWFeedParser_Private.h; sourceTree = "<group>"; };
		495182AB1B423D2600B1509C /* MWFeedParserAppDelegate.h */ = {isa = PBXFileReference; fileEncoding = 4; lastKnownFileType = sourcecode.c.h; path = MWFeedParserAppDelegate.h; sourceTree = "<group>"; };
		495182AC1B423D2600B1509C /* MWFeedParserAppDelegate.m */ = {isa = PBXFileReference; fileEncoding = 4; lastKnownFileType = sourcecode.c.objc; path = MWFeedParserAppDelegate.m; sourceTree = "<group>"; };
		495182AD1B423D2600B1509C /* NSDate+InternetDateTime.h */ = {isa = PBXFileReference; fileEncoding = 4; lastKnownFileType = sourcecode.c.h; path = "NSDate+InternetDateTime.h"; sourceTree = "<group>"; };
		495182AE1B423D2600B1509C /* NSDate+InternetDateTime.m */ = {isa = PBXFileReference; fileEncoding = 4; lastKnownFileType = sourcecode.c.objc; path = "NSDate+InternetDateTime.m"; sourceTree = "<group>"; };
		495182AF1B423D2600B1509C /* NSString+HTML.h */ = {isa = PBXFileReference; fileEncoding = 4; lastKnownFileType = sourcecode.c.h; path = "NSString+HTML.h"; sourceTree = "<group>"; };
		495182B01B423D2600B1509C /* NSString+HTML.m */ = {isa = PBXFileReference; fileEncoding = 4; lastKnownFileType = sourcecode.c.objc; path = "NSString+HTML.m"; sourceTree = "<group>"; };
		495182B11B423D2600B1509C /* NSString+XMLEntities.h */ = {isa = PBXFileReference; fileEncoding = 4; lastKnownFileType = sourcecode.c.h; path = "NSString+XMLEntities.h"; sourceTree = "<group>"; };
		495182B21B423D2600B1509C /* NSString+XMLEntities.m */ = {isa = PBXFileReference; fileEncoding = 4; lastKnownFileType = sourcecode.c.objc; path = "NSString+XMLEntities.m"; sourceTree = "<group>"; };
		495182B31B423D2600B1509C /* RootViewController.h */ = {isa = PBXFileReference; fileEncoding = 4; lastKnownFileType = sourcecode.c.h; path = RootViewController.h; sourceTree = "<group>"; };
		495182B41B423D2600B1509C /* RootViewController.m */ = {isa = PBXFileReference; fileEncoding = 4; lastKnownFileType = sourcecode.c.objc; path = RootViewController.m; sourceTree = "<group>"; };
		4971E4791B435F5600482419 /* SimpleTableCell.xib */ = {isa = PBXFileReference; fileEncoding = 4; lastKnownFileType = file.xib; path = SimpleTableCell.xib; sourceTree = "<group>"; };
		4971E47B1B43669D00482419 /* SimpleTableCell.h */ = {isa = PBXFileReference; fileEncoding = 4; lastKnownFileType = sourcecode.c.h; path = SimpleTableCell.h; sourceTree = "<group>"; };
		4971E47C1B43669D00482419 /* SimpleTableCell.m */ = {isa = PBXFileReference; fileEncoding = 4; lastKnownFileType = sourcecode.c.objc; path = SimpleTableCell.m; sourceTree = "<group>"; };
		4971E4951B440DDA00482419 /* QuadLogoSlogan1.png */ = {isa = PBXFileReference; lastKnownFileType = image.png; path = QuadLogoSlogan1.png; sourceTree = "<group>"; };
		4971E4A31B44D65F00482419 /* QuadLogoSlogan1_appv@2x.png */ = {isa = PBXFileReference; lastKnownFileType = image.png; path = "QuadLogoSlogan1_appv@2x.png"; sourceTree = "<group>"; };
		4971E4A61B45171900482419 /* ImageDownloader.h */ = {isa = PBXFileReference; fileEncoding = 4; lastKnownFileType = sourcecode.c.h; path = ImageDownloader.h; sourceTree = "<group>"; };
		4971E4A71B45171900482419 /* ImageDownloader.m */ = {isa = PBXFileReference; fileEncoding = 4; lastKnownFileType = sourcecode.c.objc; path = ImageDownloader.m; sourceTree = "<group>"; };
/* End PBXFileReference section */

/* Begin PBXFrameworksBuildPhase section */
		495182671B4238EA00B1509C /* Frameworks */ = {
			isa = PBXFrameworksBuildPhase;
			buildActionMask = 2147483647;
			files = (
			);
			runOnlyForDeploymentPostprocessing = 0;
		};
		495182831B4238EA00B1509C /* Frameworks */ = {
			isa = PBXFrameworksBuildPhase;
			buildActionMask = 2147483647;
			files = (
			);
			runOnlyForDeploymentPostprocessing = 0;
		};
/* End PBXFrameworksBuildPhase section */

/* Begin PBXGroup section */
		495182611B4238EA00B1509C = {
			isa = PBXGroup;
			children = (
				4951826C1B4238EA00B1509C /* QuadTest2 */,
				495182891B4238EA00B1509C /* QuadTest2Tests */,
				4951826B1B4238EA00B1509C /* Products */,
			);
			sourceTree = "<group>";
		};
		4951826B1B4238EA00B1509C /* Products */ = {
			isa = PBXGroup;
			children = (
				4951826A1B4238EA00B1509C /* QuadTest2.app */,
				495182861B4238EA00B1509C /* QuadTest2Tests.xctest */,
			);
			name = Products;
			sourceTree = "<group>";
		};
		4951826C1B4238EA00B1509C /* QuadTest2 */ = {
			isa = PBXGroup;
			children = (
				4971E4941B440DC400482419 /* Icons/Images */,
				4951829C1B423C1500B1509C /* MWFeedParser */,
				495182711B4238EA00B1509C /* AppDelegate.h */,
				495182721B4238EA00B1509C /* AppDelegate.m */,
				495182741B4238EA00B1509C /* MasterViewController.h */,
				495182751B4238EA00B1509C /* MasterViewController.m */,
				495182771B4238EA00B1509C /* DetailViewController.h */,
				495182781B4238EA00B1509C /* DetailViewController.m */,
				4951827A1B4238EA00B1509C /* Main.storyboard */,
				4951827D1B4238EA00B1509C /* Images.xcassets */,
				4951827F1B4238EA00B1509C /* LaunchScreen.xib */,
				4951826D1B4238EA00B1509C /* Supporting Files */,
				495182961B423A2600B1509C /* HomeModel.h */,
				495182971B423A2600B1509C /* HomeModel.m */,
				495182991B423B8A00B1509C /* FeedItem.h */,
				4951829A1B423B8A00B1509C /* FeedItem.m */,
				4971E4791B435F5600482419 /* SimpleTableCell.xib */,
				4971E47B1B43669D00482419 /* SimpleTableCell.h */,
				4971E47C1B43669D00482419 /* SimpleTableCell.m */,
				4971E4A61B45171900482419 /* ImageDownloader.h */,
				4971E4A71B45171900482419 /* ImageDownloader.m */,
			);
			path = QuadTest2;
			sourceTree = "<group>";
		};
		4951826D1B4238EA00B1509C /* Supporting Files */ = {
			isa = PBXGroup;
			children = (
				4951826E1B4238EA00B1509C /* Info.plist */,
				4951826F1B4238EA00B1509C /* main.m */,
			);
			name = "Supporting Files";
			sourceTree = "<group>";
		};
		495182891B4238EA00B1509C /* QuadTest2Tests */ = {
			isa = PBXGroup;
			children = (
				4951828C1B4238EA00B1509C /* QuadTest2Tests.m */,
				4951828A1B4238EA00B1509C /* Supporting Files */,
			);
			path = QuadTest2Tests;
			sourceTree = "<group>";
		};
		4951828A1B4238EA00B1509C /* Supporting Files */ = {
			isa = PBXGroup;
			children = (
				4951828B1B4238EA00B1509C /* Info.plist */,
			);
			name = "Supporting Files";
			sourceTree = "<group>";
		};
		4951829C1B423C1500B1509C /* MWFeedParser */ = {
			isa = PBXGroup;
			children = (
				4951829F1B423D2600B1509C /* Classes */,
			);
			name = MWFeedParser;
			sourceTree = "<group>";
		};
		4951829F1B423D2600B1509C /* Classes */ = {
			isa = PBXGroup;
			children = (
				495182A01B423D2600B1509C /* DetailTableViewController.h */,
				495182A11B423D2600B1509C /* DetailTableViewController.m */,
				495182A21B423D2600B1509C /* GTMNSString+HTML.h */,
				495182A31B423D2600B1509C /* GTMNSString+HTML.m */,
				495182A41B423D2600B1509C /* MWFeedInfo.h */,
				495182A51B423D2600B1509C /* MWFeedInfo.m */,
				495182A61B423D2600B1509C /* MWFeedItem.h */,
				495182A71B423D2600B1509C /* MWFeedItem.m */,
				495182A81B423D2600B1509C /* MWFeedParser.h */,
				495182A91B423D2600B1509C /* MWFeedParser.m */,
				495182AA1B423D2600B1509C /* MWFeedParser_Private.h */,
				495182AB1B423D2600B1509C /* MWFeedParserAppDelegate.h */,
				495182AC1B423D2600B1509C /* MWFeedParserAppDelegate.m */,
				495182AD1B423D2600B1509C /* NSDate+InternetDateTime.h */,
				495182AE1B423D2600B1509C /* NSDate+InternetDateTime.m */,
				495182AF1B423D2600B1509C /* NSString+HTML.h */,
				495182B01B423D2600B1509C /* NSString+HTML.m */,
				495182B11B423D2600B1509C /* NSString+XMLEntities.h */,
				495182B21B423D2600B1509C /* NSString+XMLEntities.m */,
				495182B31B423D2600B1509C /* RootViewController.h */,
				495182B41B423D2600B1509C /* RootViewController.m */,
			);
			path = Classes;
			sourceTree = "<group>";
		};
		4971E4941B440DC400482419 /* Icons/Images */ = {
			isa = PBXGroup;
			children = (
				4971E4951B440DDA00482419 /* QuadLogoSlogan1.png */,
				4971E4A31B44D65F00482419 /* QuadLogoSlogan1_appv@2x.png */,
			);
			name = Icons/Images;
			sourceTree = "<group>";
		};
/* End PBXGroup section */

/* Begin PBXNativeTarget section */
		495182691B4238EA00B1509C /* QuadTest2 */ = {
			isa = PBXNativeTarget;
			buildConfigurationList = 495182901B4238EA00B1509C /* Build configuration list for PBXNativeTarget "QuadTest2" */;
			buildPhases = (
				495182661B4238EA00B1509C /* Sources */,
				495182671B4238EA00B1509C /* Frameworks */,
				495182681B4238EA00B1509C /* Resources */,
			);
			buildRules = (
			);
			dependencies = (
			);
			name = QuadTest2;
			productName = QuadTest2;
			productReference = 4951826A1B4238EA00B1509C /* QuadTest2.app */;
			productType = "com.apple.product-type.application";
		};
		495182851B4238EA00B1509C /* QuadTest2Tests */ = {
			isa = PBXNativeTarget;
			buildConfigurationList = 495182931B4238EA00B1509C /* Build configuration list for PBXNativeTarget "QuadTest2Tests" */;
			buildPhases = (
				495182821B4238EA00B1509C /* Sources */,
				495182831B4238EA00B1509C /* Frameworks */,
				495182841B4238EA00B1509C /* Resources */,
			);
			buildRules = (
			);
			dependencies = (
				495182881B4238EA00B1509C /* PBXTargetDependency */,
			);
			name = QuadTest2Tests;
			productName = QuadTest2Tests;
			productReference = 495182861B4238EA00B1509C /* QuadTest2Tests.xctest */;
			productType = "com.apple.product-type.bundle.unit-test";
		};
/* End PBXNativeTarget section */

/* Begin PBXProject section */
		495182621B4238EA00B1509C /* Project object */ = {
			isa = PBXProject;
			attributes = {
				LastUpgradeCheck = 0630;
				ORGANIZATIONNAME = SHPQuad;
				TargetAttributes = {
					495182691B4238EA00B1509C = {
						CreatedOnToolsVersion = 6.3.2;
					};
					495182851B4238EA00B1509C = {
						CreatedOnToolsVersion = 6.3.2;
						TestTargetID = 495182691B4238EA00B1509C;
					};
				};
			};
			buildConfigurationList = 495182651B4238EA00B1509C /* Build configuration list for PBXProject "QuadTest2" */;
			compatibilityVersion = "Xcode 3.2";
			developmentRegion = English;
			hasScannedForEncodings = 0;
			knownRegions = (
				en,
				Base,
			);
			mainGroup = 495182611B4238EA00B1509C;
			productRefGroup = 4951826B1B4238EA00B1509C /* Products */;
			projectDirPath = "";
			projectRoot = "";
			targets = (
				495182691B4238EA00B1509C /* QuadTest2 */,
				495182851B4238EA00B1509C /* QuadTest2Tests */,
			);
		};
/* End PBXProject section */

/* Begin PBXResourcesBuildPhase section */
		495182681B4238EA00B1509C /* Resources */ = {
			isa = PBXResourcesBuildPhase;
			buildActionMask = 2147483647;
			files = (
				4951827C1B4238EA00B1509C /* Main.storyboard in Resources */,
				495182811B4238EA00B1509C /* LaunchScreen.xib in Resources */,
				4971E4961B440DDA00482419 /* QuadLogoSlogan1.png in Resources */,
				4971E4A41B44D65F00482419 /* QuadLogoSlogan1_appv@2x.png in Resources */,
				4971E47A1B435F5600482419 /* SimpleTableCell.xib in Resources */,
				4951827E1B4238EA00B1509C /* Images.xcassets in Resources */,
			);
			runOnlyForDeploymentPostprocessing = 0;
		};
		495182841B4238EA00B1509C /* Resources */ = {
			isa = PBXResourcesBuildPhase;
			buildActionMask = 2147483647;
			files = (
			);
			runOnlyForDeploymentPostprocessing = 0;
		};
/* End PBXResourcesBuildPhase section */

/* Begin PBXSourcesBuildPhase section */
		495182661B4238EA00B1509C /* Sources */ = {
			isa = PBXSourcesBuildPhase;
			buildActionMask = 2147483647;
			files = (
				495182981B423A2600B1509C /* HomeModel.m in Sources */,
				495182BA1B423D2600B1509C /* MWFeedParserAppDelegate.m in Sources */,
				495182BE1B423D2600B1509C /* RootViewController.m in Sources */,
				495182731B4238EA00B1509C /* AppDelegate.m in Sources */,
				495182B81B423D2600B1509C /* MWFeedItem.m in Sources */,
				495182B71B423D2600B1509C /* MWFeedInfo.m in Sources */,
				495182B51B423D2600B1509C /* DetailTableViewController.m in Sources */,
				495182761B4238EA00B1509C /* MasterViewController.m in Sources */,
				4971E47D1B43669D00482419 /* SimpleTableCell.m in Sources */,
				495182701B4238EA00B1509C /* main.m in Sources */,
				495182B61B423D2600B1509C /* GTMNSString+HTML.m in Sources */,
				4951829B1B423B8A00B1509C /* FeedItem.m in Sources */,
				4971E4A81B45171900482419 /* ImageDownloader.m in Sources */,
				495182BC1B423D2600B1509C /* NSString+HTML.m in Sources */,
				495182791B4238EA00B1509C /* DetailViewController.m in Sources */,
				495182BD1B423D2600B1509C /* NSString+XMLEntities.m in Sources */,
				495182B91B423D2600B1509C /* MWFeedParser.m in Sources */,
				495182BB1B423D2600B1509C /* NSDate+InternetDateTime.m in Sources */,
			);
			runOnlyForDeploymentPostprocessing = 0;
		};
		495182821B4238EA00B1509C /* Sources */ = {
			isa = PBXSourcesBuildPhase;
			buildActionMask = 2147483647;
			files = (
				4951828D1B4238EA00B1509C /* QuadTest2Tests.m in Sources */,
			);
			runOnlyForDeploymentPostprocessing = 0;
		};
/* End PBXSourcesBuildPhase section */

/* Begin PBXTargetDependency section */
		495182881B4238EA00B1509C /* PBXTargetDependency */ = {
			isa = PBXTargetDependency;
			target = 495182691B4238EA00B1509C /* QuadTest2 */;
			targetProxy = 495182871B4238EA00B1509C /* PBXContainerItemProxy */;
		};
/* End PBXTargetDependency section */

/* Begin PBXVariantGroup section */
		4951827A1B4238EA00B1509C /* Main.storyboard */ = {
			isa = PBXVariantGroup;
			children = (
				4951827B1B4238EA00B1509C /* Base */,
			);
			name = Main.storyboard;
			sourceTree = "<group>";
		};
		4951827F1B4238EA00B1509C /* LaunchScreen.xib */ = {
			isa = PBXVariantGroup;
			children = (
				495182801B4238EA00B1509C /* Base */,
			);
			name = LaunchScreen.xib;
			sourceTree = "<group>";
		};
/* End PBXVariantGroup section */

/* Begin XCBuildConfiguration section */
		4951828E1B4238EA00B1509C /* Debug */ = {
			isa = XCBuildConfiguration;
			buildSettings = {
				ALWAYS_SEARCH_USER_PATHS = NO;
				CLANG_CXX_LANGUAGE_STANDARD = "gnu++0x";
				CLANG_CXX_LIBRARY = "libc++";
				CLANG_ENABLE_MODULES = YES;
				CLANG_ENABLE_OBJC_ARC = YES;
				CLANG_WARN_BOOL_CONVERSION = YES;
				CLANG_WARN_CONSTANT_CONVERSION = YES;
				CLANG_WARN_DIRECT_OBJC_ISA_USAGE = YES_ERROR;
				CLANG_WARN_EMPTY_BODY = YES;
				CLANG_WARN_ENUM_CONVERSION = YES;
				CLANG_WARN_INT_CONVERSION = YES;
				CLANG_WARN_OBJC_ROOT_CLASS = YES_ERROR;
				CLANG_WARN_UNREACHABLE_CODE = YES;
				CLANG_WARN__DUPLICATE_METHOD_MATCH = YES;
				"CODE_SIGN_IDENTITY[sdk=iphoneos*]" = "iPhone Developer";
				COPY_PHASE_STRIP = NO;
				DEBUG_INFORMATION_FORMAT = "dwarf-with-dsym";
				ENABLE_STRICT_OBJC_MSGSEND = YES;
				GCC_C_LANGUAGE_STANDARD = gnu99;
				GCC_DYNAMIC_NO_PIC = NO;
				GCC_NO_COMMON_BLOCKS = YES;
				GCC_OPTIMIZATION_LEVEL = 0;
				GCC_PREPROCESSOR_DEFINITIONS = (
					"DEBUG=1",
					"$(inherited)",
				);
				GCC_SYMBOLS_PRIVATE_EXTERN = NO;
				GCC_WARN_64_TO_32_BIT_CONVERSION = YES;
				GCC_WARN_ABOUT_RETURN_TYPE = YES_ERROR;
				GCC_WARN_UNDECLARED_SELECTOR = YES;
				GCC_WARN_UNINITIALIZED_AUTOS = YES_AGGRESSIVE;
				GCC_WARN_UNUSED_FUNCTION = YES;
				GCC_WARN_UNUSED_VARIABLE = YES;
				IPHONEOS_DEPLOYMENT_TARGET = 8.3;
				MTL_ENABLE_DEBUG_INFO = YES;
				ONLY_ACTIVE_ARCH = YES;
				SDKROOT = iphoneos;
				TARGETED_DEVICE_FAMILY = 2;
			};
			name = Debug;
		};
		4951828F1B4238EA00B1509C /* Release */ = {
			isa = XCBuildConfiguration;
			buildSettings = {
				ALWAYS_SEARCH_USER_PATHS = NO;
				CLANG_CXX_LANGUAGE_STANDARD = "gnu++0x";
				CLANG_CXX_LIBRARY = "libc++";
				CLANG_ENABLE_MODULES = YES;
				CLANG_ENABLE_OBJC_ARC = YES;
				CLANG_WARN_BOOL_CONVERSION = YES;
				CLANG_WARN_CONSTANT_CONVERSION = YES;
				CLANG_WARN_DIRECT_OBJC_ISA_USAGE = YES_ERROR;
				CLANG_WARN_EMPTY_BODY = YES;
				CLANG_WARN_ENUM_CONVERSION = YES;
				CLANG_WARN_INT_CONVERSION = YES;
				CLANG_WARN_OBJC_ROOT_CLASS = YES_ERROR;
				CLANG_WARN_UNREACHABLE_CODE = YES;
				CLANG_WARN__DUPLICATE_METHOD_MATCH = YES;
				"CODE_SIGN_IDENTITY[sdk=iphoneos*]" = "iPhone Developer";
				COPY_PHASE_STRIP = NO;
				DEBUG_INFORMATION_FORMAT = "dwarf-with-dsym";
				ENABLE_NS_ASSERTIONS = NO;
				ENABLE_STRICT_OBJC_MSGSEND = YES;
				GCC_C_LANGUAGE_STANDARD = gnu99;
				GCC_NO_COMMON_BLOCKS = YES;
				GCC_WARN_64_TO_32_BIT_CONVERSION = YES;
				GCC_WARN_ABOUT_RETURN_TYPE = YES_ERROR;
				GCC_WARN_UNDECLARED_SELECTOR = YES;
				GCC_WARN_UNINITIALIZED_AUTOS = YES_AGGRESSIVE;
				GCC_WARN_UNUSED_FUNCTION = YES;
				GCC_WARN_UNUSED_VARIABLE = YES;
				IPHONEOS_DEPLOYMENT_TARGET = 8.3;
				MTL_ENABLE_DEBUG_INFO = NO;
				SDKROOT = iphoneos;
				TARGETED_DEVICE_FAMILY = 2;
				VALIDATE_PRODUCT = YES;
			};
			name = Release;
		};
		495182911B4238EA00B1509C /* Debug */ = {
			isa = XCBuildConfiguration;
			buildSettings = {
				ASSETCATALOG_COMPILER_APPICON_NAME = AppIcon;
				INFOPLIST_FILE = QuadTest2/Info.plist;
				LD_RUNPATH_SEARCH_PATHS = "$(inherited) @executable_path/Frameworks";
				PRODUCT_NAME = "$(TARGET_NAME)";
			};
			name = Debug;
		};
		495182921B4238EA00B1509C /* Release */ = {
			isa = XCBuildConfiguration;
			buildSettings = {
				ASSETCATALOG_COMPILER_APPICON_NAME = AppIcon;
				INFOPLIST_FILE = QuadTest2/Info.plist;
				LD_RUNPATH_SEARCH_PATHS = "$(inherited) @executable_path/Frameworks";
				PRODUCT_NAME = "$(TARGET_NAME)";
			};
			name = Release;
		};
		495182941B4238EA00B1509C /* Debug */ = {
			isa = XCBuildConfiguration;
			buildSettings = {
				BUNDLE_LOADER = "$(TEST_HOST)";
				FRAMEWORK_SEARCH_PATHS = (
					"$(SDKROOT)/Developer/Library/Frameworks",
					"$(inherited)",
				);
				GCC_PREPROCESSOR_DEFINITIONS = (
					"DEBUG=1",
					"$(inherited)",
				);
				INFOPLIST_FILE = QuadTest2Tests/Info.plist;
				LD_RUNPATH_SEARCH_PATHS = "$(inherited) @executable_path/Frameworks @loader_path/Frameworks";
				PRODUCT_NAME = "$(TARGET_NAME)";
				TEST_HOST = "$(BUILT_PRODUCTS_DIR)/QuadTest2.app/QuadTest2";
			};
			name = Debug;
		};
		495182951B4238EA00B1509C /* Release */ = {
			isa = XCBuildConfiguration;
			buildSettings = {
				BUNDLE_LOADER = "$(TEST_HOST)";
				FRAMEWORK_SEARCH_PATHS = (
					"$(SDKROOT)/Developer/Library/Frameworks",
					"$(inherited)",
				);
				INFOPLIST_FILE = QuadTest2Tests/Info.plist;
				LD_RUNPATH_SEARCH_PATHS = "$(inherited) @executable_path/Frameworks @loader_path/Frameworks";
				PRODUCT_NAME = "$(TARGET_NAME)";
				TEST_HOST = "$(BUILT_PRODUCTS_DIR)/QuadTest2.app/QuadTest2";
			};
			name = Release;
		};
/* End XCBuildConfiguration section */

/* Begin XCConfigurationList section */
		495182651B4238EA00B1509C /* Build configuration list for PBXProject "QuadTest2" */ = {
			isa = XCConfigurationList;
			buildConfigurations = (
				4951828E1B4238EA00B1509C /* Debug */,
				4951828F1B4238EA00B1509C /* Release */,
			);
			defaultConfigurationIsVisible = 0;
			defaultConfigurationName = Release;
		};
		495182901B4238EA00B1509C /* Build configuration list for PBXNativeTarget "QuadTest2" */ = {
			isa = XCConfigurationList;
			buildConfigurations = (
				495182911B4238EA00B1509C /* Debug */,
				495182921B4238EA00B1509C /* Release */,
			);
			defaultConfigurationIsVisible = 0;
			defaultConfigurationName = Release;
		};
		495182931B4238EA00B1509C /* Build configuration list for PBXNativeTarget "QuadTest2Tests" */ = {
			isa = XCConfigurationList;
			buildConfigurations = (
				495182941B4238EA00B1509C /* Debug */,
				495182951B4238EA00B1509C /* Release */,
			);
			defaultConfigurationIsVisible = 0;
			defaultConfigurationName = Release;
		};
/* End XCConfigurationList section */
	};
	rootObject = 495182621B4238EA00B1509C /* Project object */;
}
