// !$*UTF8*$!
{
	archiveVersion = 1;
	classes = {
	};
	objectVersion = 46;
	objects = {

/* Begin PBXBuildFile section */
		4919ECC91C3758EB007FA854 /* DateTools.bundle in Resources */ = {isa = PBXBuildFile; fileRef = 4919ECB91C3758EB007FA854 /* DateTools.bundle */; };
		4919ECCA1C3758EB007FA854 /* DTConstants.m in Sources */ = {isa = PBXBuildFile; fileRef = 4919ECBC1C3758EB007FA854 /* DTConstants.m */; };
		4919ECCB1C3758EB007FA854 /* DTError.m in Sources */ = {isa = PBXBuildFile; fileRef = 4919ECBE1C3758EB007FA854 /* DTError.m */; };
		4919ECCC1C3758EB007FA854 /* DTTimePeriod.m in Sources */ = {isa = PBXBuildFile; fileRef = 4919ECC01C3758EB007FA854 /* DTTimePeriod.m */; };
		4919ECCD1C3758EB007FA854 /* DTTimePeriodChain.m in Sources */ = {isa = PBXBuildFile; fileRef = 4919ECC21C3758EB007FA854 /* DTTimePeriodChain.m */; };
		4919ECCE1C3758EB007FA854 /* DTTimePeriodCollection.m in Sources */ = {isa = PBXBuildFile; fileRef = 4919ECC41C3758EB007FA854 /* DTTimePeriodCollection.m */; };
		4919ECCF1C3758EB007FA854 /* DTTimePeriodGroup.m in Sources */ = {isa = PBXBuildFile; fileRef = 4919ECC61C3758EB007FA854 /* DTTimePeriodGroup.m */; };
		4919ECD01C3758EB007FA854 /* NSDate+DateTools.m in Sources */ = {isa = PBXBuildFile; fileRef = 4919ECC81C3758EB007FA854 /* NSDate+DateTools.m */; };
		49225F5A1B9A52020029E8D0 /* NSString+HTML.m in Sources */ = {isa = PBXBuildFile; fileRef = 49225F441B9A52020029E8D0 /* NSString+HTML.m */; };
		49225F601B9A523F0029E8D0 /* GTMNSString+HTML.m in Sources */ = {isa = PBXBuildFile; fileRef = 49225F5F1B9A523F0029E8D0 /* GTMNSString+HTML.m */; };
		49225F621B9F88340029E8D0 /* loading@1x.png in Resources */ = {isa = PBXBuildFile; fileRef = 49225F611B9F88340029E8D0 /* loading@1x.png */; };
		49225F641B9F883B0029E8D0 /* loading@3x.png in Resources */ = {isa = PBXBuildFile; fileRef = 49225F631B9F883B0029E8D0 /* loading@3x.png */; };
		49225F661B9F88470029E8D0 /* QuadLogoSlogan1_appv@1x.png in Resources */ = {isa = PBXBuildFile; fileRef = 49225F651B9F88470029E8D0 /* QuadLogoSlogan1_appv@1x.png */; };
		49225F681B9F88520029E8D0 /* QuadLogoSlogan1_appv@3x.png in Resources */ = {isa = PBXBuildFile; fileRef = 49225F671B9F88520029E8D0 /* QuadLogoSlogan1_appv@3x.png */; };
		49225F6A1B9F885F0029E8D0 /* QuadTabButton@1x.png in Resources */ = {isa = PBXBuildFile; fileRef = 49225F691B9F885F0029E8D0 /* QuadTabButton@1x.png */; };
		49225F6C1B9F886A0029E8D0 /* QuadTabButton@3x.png in Resources */ = {isa = PBXBuildFile; fileRef = 49225F6B1B9F886A0029E8D0 /* QuadTabButton@3x.png */; };
		49225F6E1B9F88DE0029E8D0 /* settingsGear@1x.png in Resources */ = {isa = PBXBuildFile; fileRef = 49225F6D1B9F88DE0029E8D0 /* settingsGear@1x.png */; };
		49225F701B9F88E60029E8D0 /* settingsGear@3x.png in Resources */ = {isa = PBXBuildFile; fileRef = 49225F6F1B9F88E60029E8D0 /* settingsGear@3x.png */; };
		49225F741B9F89FC0029E8D0 /* loading2@1x.png in Resources */ = {isa = PBXBuildFile; fileRef = 49225F711B9F89FC0029E8D0 /* loading2@1x.png */; };
		49225F751B9F89FC0029E8D0 /* loading2@2x.png in Resources */ = {isa = PBXBuildFile; fileRef = 49225F721B9F89FC0029E8D0 /* loading2@2x.png */; };
		49225F761B9F89FC0029E8D0 /* loading2@3x.png in Resources */ = {isa = PBXBuildFile; fileRef = 49225F731B9F89FC0029E8D0 /* loading2@3x.png */; };
		4927D15A1B47850700FF6661 /* QuadTabButton@2x.png in Resources */ = {isa = PBXBuildFile; fileRef = 4927D1591B47850700FF6661 /* QuadTabButton@2x.png */; };
		4927D15D1B478DE500FF6661 /* TabViewController.m in Sources */ = {isa = PBXBuildFile; fileRef = 4927D15C1B478DE500FF6661 /* TabViewController.m */; };
		4927D1601B47920300FF6661 /* WebItem.m in Sources */ = {isa = PBXBuildFile; fileRef = 4927D15F1B47920300FF6661 /* WebItem.m */; };
		4933774A1BD576780071671A /* NSData+Base64.m in Sources */ = {isa = PBXBuildFile; fileRef = 493377491BD576780071671A /* NSData+Base64.m */; };
		495182701B4238EA00B1509C /* main.m in Sources */ = {isa = PBXBuildFile; fileRef = 4951826F1B4238EA00B1509C /* main.m */; };
		495182731B4238EA00B1509C /* AppDelegate.m in Sources */ = {isa = PBXBuildFile; fileRef = 495182721B4238EA00B1509C /* AppDelegate.m */; };
		495182761B4238EA00B1509C /* MasterViewController.m in Sources */ = {isa = PBXBuildFile; fileRef = 495182751B4238EA00B1509C /* MasterViewController.m */; };
		495182791B4238EA00B1509C /* DetailViewController.m in Sources */ = {isa = PBXBuildFile; fileRef = 495182781B4238EA00B1509C /* DetailViewController.m */; };
		4951827C1B4238EA00B1509C /* Main.storyboard in Resources */ = {isa = PBXBuildFile; fileRef = 4951827A1B4238EA00B1509C /* Main.storyboard */; };
		4951827E1B4238EA00B1509C /* Images.xcassets in Resources */ = {isa = PBXBuildFile; fileRef = 4951827D1B4238EA00B1509C /* Images.xcassets */; };
		495182811B4238EA00B1509C /* LaunchScreen.xib in Resources */ = {isa = PBXBuildFile; fileRef = 4951827F1B4238EA00B1509C /* LaunchScreen.xib */; };
		4951828D1B4238EA00B1509C /* QuadTest2Tests.m in Sources */ = {isa = PBXBuildFile; fileRef = 4951828C1B4238EA00B1509C /* QuadTest2Tests.m */; };
		495182981B423A2600B1509C /* HomeModel.m in Sources */ = {isa = PBXBuildFile; fileRef = 495182971B423A2600B1509C /* HomeModel.m */; };
		4951829B1B423B8A00B1509C /* FeedItem.m in Sources */ = {isa = PBXBuildFile; fileRef = 4951829A1B423B8A00B1509C /* FeedItem.m */; };
		4953E5CB1B97BD1F00EBB42B /* settingsGear@2x.png in Resources */ = {isa = PBXBuildFile; fileRef = 4953E5CA1B97BD1F00EBB42B /* settingsGear@2x.png */; };
		4953E5CE1B97C07B00EBB42B /* SettingsViewController.m in Sources */ = {isa = PBXBuildFile; fileRef = 4953E5CD1B97C07B00EBB42B /* SettingsViewController.m */; };
		4953E62F1B9A4AFD00EBB42B /* FeedParser.m in Sources */ = {isa = PBXBuildFile; fileRef = 4953E62E1B9A4AFD00EBB42B /* FeedParser.m */; };
		4971E47A1B435F5600482419 /* SimpleTableCell.xib in Resources */ = {isa = PBXBuildFile; fileRef = 4971E4791B435F5600482419 /* SimpleTableCell.xib */; };
		4971E47D1B43669D00482419 /* SimpleTableCell.m in Sources */ = {isa = PBXBuildFile; fileRef = 4971E47C1B43669D00482419 /* SimpleTableCell.m */; };
		4971E4961B440DDA00482419 /* QuadLogoSlogan1.png in Resources */ = {isa = PBXBuildFile; fileRef = 4971E4951B440DDA00482419 /* QuadLogoSlogan1.png */; };
		4971E4A41B44D65F00482419 /* QuadLogoSlogan1_appv@2x.png in Resources */ = {isa = PBXBuildFile; fileRef = 4971E4A31B44D65F00482419 /* QuadLogoSlogan1_appv@2x.png */; };
		4971E4A81B45171900482419 /* ImageDownloader.m in Sources */ = {isa = PBXBuildFile; fileRef = 4971E4A71B45171900482419 /* ImageDownloader.m */; };
		4971E4AA1B45286D00482419 /* loading@2x.png in Resources */ = {isa = PBXBuildFile; fileRef = 4971E4A91B45286D00482419 /* loading@2x.png */; };
		499457C41BAB6A8500EBC747 /* LeftToRightSegue.m in Sources */ = {isa = PBXBuildFile; fileRef = 499457C31BAB6A8500EBC747 /* LeftToRightSegue.m */; };
/* End PBXBuildFile section */

/* Begin PBXContainerItemProxy section */
		495182871B4238EA00B1509C /* PBXContainerItemProxy */ = {
			isa = PBXContainerItemProxy;
			containerPortal = 495182621B4238EA00B1509C /* Project object */;
			proxyType = 1;
			remoteGlobalIDString = 495182691B4238EA00B1509C;
			remoteInfo = QuadTest2;
		};
/* End PBXContainerItemProxy section */

/* Begin PBXFileReference section */
		4919ECB91C3758EB007FA854 /* DateTools.bundle */ = {isa = PBXFileReference; lastKnownFileType = "wrapper.plug-in"; path = DateTools.bundle; sourceTree = "<group>"; };
		4919ECBA1C3758EB007FA854 /* DateTools.h */ = {isa = PBXFileReference; fileEncoding = 4; lastKnownFileType = sourcecode.c.h; path = DateTools.h; sourceTree = "<group>"; };
		4919ECBB1C3758EB007FA854 /* DTConstants.h */ = {isa = PBXFileReference; fileEncoding = 4; lastKnownFileType = sourcecode.c.h; path = DTConstants.h; sourceTree = "<group>"; };
		4919ECBC1C3758EB007FA854 /* DTConstants.m */ = {isa = PBXFileReference; fileEncoding = 4; lastKnownFileType = sourcecode.c.objc; path = DTConstants.m; sourceTree = "<group>"; };
		4919ECBD1C3758EB007FA854 /* DTError.h */ = {isa = PBXFileReference; fileEncoding = 4; lastKnownFileType = sourcecode.c.h; path = DTError.h; sourceTree = "<group>"; };
		4919ECBE1C3758EB007FA854 /* DTError.m */ = {isa = PBXFileReference; fileEncoding = 4; lastKnownFileType = sourcecode.c.objc; path = DTError.m; sourceTree = "<group>"; };
		4919ECBF1C3758EB007FA854 /* DTTimePeriod.h */ = {isa = PBXFileReference; fileEncoding = 4; lastKnownFileType = sourcecode.c.h; path = DTTimePeriod.h; sourceTree = "<group>"; };
		4919ECC01C3758EB007FA854 /* DTTimePeriod.m */ = {isa = PBXFileReference; fileEncoding = 4; lastKnownFileType = sourcecode.c.objc; path = DTTimePeriod.m; sourceTree = "<group>"; };
		4919ECC11C3758EB007FA854 /* DTTimePeriodChain.h */ = {isa = PBXFileReference; fileEncoding = 4; lastKnownFileType = sourcecode.c.h; path = DTTimePeriodChain.h; sourceTree = "<group>"; };
		4919ECC21C3758EB007FA854 /* DTTimePeriodChain.m */ = {isa = PBXFileReference; fileEncoding = 4; lastKnownFileType = sourcecode.c.objc; path = DTTimePeriodChain.m; sourceTree = "<group>"; };
		4919ECC31C3758EB007FA854 /* DTTimePeriodCollection.h */ = {isa = PBXFileReference; fileEncoding = 4; lastKnownFileType = sourcecode.c.h; path = DTTimePeriodCollection.h; sourceTree = "<group>"; };
		4919ECC41C3758EB007FA854 /* DTTimePeriodCollection.m */ = {isa = PBXFileReference; fileEncoding = 4; lastKnownFileType = sourcecode.c.objc; path = DTTimePeriodCollection.m; sourceTree = "<group>"; };
		4919ECC51C3758EB007FA854 /* DTTimePeriodGroup.h */ = {isa = PBXFileReference; fileEncoding = 4; lastKnownFileType = sourcecode.c.h; path = DTTimePeriodGroup.h; sourceTree = "<group>"; };
		4919ECC61C3758EB007FA854 /* DTTimePeriodGroup.m */ = {isa = PBXFileReference; fileEncoding = 4; lastKnownFileType = sourcecode.c.objc; path = DTTimePeriodGroup.m; sourceTree = "<group>"; };
		4919ECC71C3758EB007FA854 /* NSDate+DateTools.h */ = {isa = PBXFileReference; fileEncoding = 4; lastKnownFileType = sourcecode.c.h; path = "NSDate+DateTools.h"; sourceTree = "<group>"; };
		4919ECC81C3758EB007FA854 /* NSDate+DateTools.m */ = {isa = PBXFileReference; fileEncoding = 4; lastKnownFileType = sourcecode.c.objc; path = "NSDate+DateTools.m"; sourceTree = "<group>"; };
		49225F431B9A52020029E8D0 /* NSString+HTML.h */ = {isa = PBXFileReference; fileEncoding = 4; lastKnownFileType = sourcecode.c.h; path = "NSString+HTML.h"; sourceTree = "<group>"; };
		49225F441B9A52020029E8D0 /* NSString+HTML.m */ = {isa = PBXFileReference; fileEncoding = 4; lastKnownFileType = sourcecode.c.objc; path = "NSString+HTML.m"; sourceTree = "<group>"; };
		49225F5E1B9A523F0029E8D0 /* GTMNSString+HTML.h */ = {isa = PBXFileReference; fileEncoding = 4; lastKnownFileType = sourcecode.c.h; path = "GTMNSString+HTML.h"; sourceTree = "<group>"; };
		49225F5F1B9A523F0029E8D0 /* GTMNSString+HTML.m */ = {isa = PBXFileReference; fileEncoding = 4; lastKnownFileType = sourcecode.c.objc; path = "GTMNSString+HTML.m"; sourceTree = "<group>"; };
		49225F611B9F88340029E8D0 /* loading@1x.png */ = {isa = PBXFileReference; lastKnownFileType = image.png; path = "loading@1x.png"; sourceTree = "<group>"; };
		49225F631B9F883B0029E8D0 /* loading@3x.png */ = {isa = PBXFileReference; lastKnownFileType = image.png; path = "loading@3x.png"; sourceTree = "<group>"; };
		49225F651B9F88470029E8D0 /* QuadLogoSlogan1_appv@1x.png */ = {isa = PBXFileReference; lastKnownFileType = image.png; path = "QuadLogoSlogan1_appv@1x.png"; sourceTree = "<group>"; };
		49225F671B9F88520029E8D0 /* QuadLogoSlogan1_appv@3x.png */ = {isa = PBXFileReference; lastKnownFileType = image.png; path = "QuadLogoSlogan1_appv@3x.png"; sourceTree = "<group>"; };
		49225F691B9F885F0029E8D0 /* QuadTabButton@1x.png */ = {isa = PBXFileReference; lastKnownFileType = image.png; path = "QuadTabButton@1x.png"; sourceTree = "<group>"; };
		49225F6B1B9F886A0029E8D0 /* QuadTabButton@3x.png */ = {isa = PBXFileReference; lastKnownFileType = image.png; path = "QuadTabButton@3x.png"; sourceTree = "<group>"; };
		49225F6D1B9F88DE0029E8D0 /* settingsGear@1x.png */ = {isa = PBXFileReference; lastKnownFileType = image.png; path = "settingsGear@1x.png"; sourceTree = "<group>"; };
		49225F6F1B9F88E60029E8D0 /* settingsGear@3x.png */ = {isa = PBXFileReference; lastKnownFileType = image.png; path = "settingsGear@3x.png"; sourceTree = "<group>"; };
		49225F711B9F89FC0029E8D0 /* loading2@1x.png */ = {isa = PBXFileReference; lastKnownFileType = image.png; path = "loading2@1x.png"; sourceTree = "<group>"; };
		49225F721B9F89FC0029E8D0 /* loading2@2x.png */ = {isa = PBXFileReference; lastKnownFileType = image.png; path = "loading2@2x.png"; sourceTree = "<group>"; };
		49225F731B9F89FC0029E8D0 /* loading2@3x.png */ = {isa = PBXFileReference; lastKnownFileType = image.png; path = "loading2@3x.png"; sourceTree = "<group>"; };
		4927D1591B47850700FF6661 /* QuadTabButton@2x.png */ = {isa = PBXFileReference; lastKnownFileType = image.png; path = "QuadTabButton@2x.png"; sourceTree = "<group>"; };
		4927D15B1B478DE500FF6661 /* TabViewController.h */ = {isa = PBXFileReference; fileEncoding = 4; lastKnownFileType = sourcecode.c.h; path = TabViewController.h; sourceTree = "<group>"; };
		4927D15C1B478DE500FF6661 /* TabViewController.m */ = {isa = PBXFileReference; fileEncoding = 4; lastKnownFileType = sourcecode.c.objc; path = TabViewController.m; sourceTree = "<group>"; };
		4927D15E1B47920300FF6661 /* WebItem.h */ = {isa = PBXFileReference; fileEncoding = 4; lastKnownFileType = sourcecode.c.h; path = WebItem.h; sourceTree = "<group>"; };
		4927D15F1B47920300FF6661 /* WebItem.m */ = {isa = PBXFileReference; fileEncoding = 4; lastKnownFileType = sourcecode.c.objc; path = WebItem.m; sourceTree = "<group>"; };
		493377481BD576780071671A /* NSData+Base64.h */ = {isa = PBXFileReference; fileEncoding = 4; lastKnownFileType = sourcecode.c.h; path = "NSData+Base64.h"; sourceTree = "<group>"; };
		493377491BD576780071671A /* NSData+Base64.m */ = {isa = PBXFileReference; fileEncoding = 4; lastKnownFileType = sourcecode.c.objc; path = "NSData+Base64.m"; sourceTree = "<group>"; };
		4951826A1B4238EA00B1509C /* SHPQuad.app */ = {isa = PBXFileReference; explicitFileType = wrapper.application; includeInIndex = 0; path = SHPQuad.app; sourceTree = BUILT_PRODUCTS_DIR; };
		4951826E1B4238EA00B1509C /* Info.plist */ = {isa = PBXFileReference; lastKnownFileType = text.plist.xml; path = Info.plist; sourceTree = "<group>"; };
		4951826F1B4238EA00B1509C /* main.m */ = {isa = PBXFileReference; lastKnownFileType = sourcecode.c.objc; path = main.m; sourceTree = "<group>"; };
		495182711B4238EA00B1509C /* AppDelegate.h */ = {isa = PBXFileReference; lastKnownFileType = sourcecode.c.h; path = AppDelegate.h; sourceTree = "<group>"; };
		495182721B4238EA00B1509C /* AppDelegate.m */ = {isa = PBXFileReference; lastKnownFileType = sourcecode.c.objc; path = AppDelegate.m; sourceTree = "<group>"; };
		495182741B4238EA00B1509C /* MasterViewController.h */ = {isa = PBXFileReference; lastKnownFileType = sourcecode.c.h; path = MasterViewController.h; sourceTree = "<group>"; };
		495182751B4238EA00B1509C /* MasterViewController.m */ = {isa = PBXFileReference; lastKnownFileType = sourcecode.c.objc; path = MasterViewController.m; sourceTree = "<group>"; };
		495182771B4238EA00B1509C /* DetailViewController.h */ = {isa = PBXFileReference; lastKnownFileType = sourcecode.c.h; path = DetailViewController.h; sourceTree = "<group>"; };
		495182781B4238EA00B1509C /* DetailViewController.m */ = {isa = PBXFileReference; lastKnownFileType = sourcecode.c.objc; path = DetailViewController.m; sourceTree = "<group>"; };
		4951827B1B4238EA00B1509C /* Base */ = {isa = PBXFileReference; lastKnownFileType = file.storyboard; name = Base; path = Base.lproj/Main.storyboard; sourceTree = "<group>"; };
		4951827D1B4238EA00B1509C /* Images.xcassets */ = {isa = PBXFileReference; lastKnownFileType = folder.assetcatalog; path = Images.xcassets; sourceTree = "<group>"; };
		495182801B4238EA00B1509C /* Base */ = {isa = PBXFileReference; lastKnownFileType = file.xib; name = Base; path = Base.lproj/LaunchScreen.xib; sourceTree = "<group>"; };
		495182861B4238EA00B1509C /* SHPQuadTests.xctest */ = {isa = PBXFileReference; explicitFileType = wrapper.cfbundle; includeInIndex = 0; path = SHPQuadTests.xctest; sourceTree = BUILT_PRODUCTS_DIR; };
		4951828B1B4238EA00B1509C /* Info.plist */ = {isa = PBXFileReference; lastKnownFileType = text.plist.xml; path = Info.plist; sourceTree = "<group>"; };
		4951828C1B4238EA00B1509C /* QuadTest2Tests.m */ = {isa = PBXFileReference; lastKnownFileType = sourcecode.c.objc; path = QuadTest2Tests.m; sourceTree = "<group>"; };
		495182961B423A2600B1509C /* HomeModel.h */ = {isa = PBXFileReference; fileEncoding = 4; lastKnownFileType = sourcecode.c.h; path = HomeModel.h; sourceTree = "<group>"; };
		495182971B423A2600B1509C /* HomeModel.m */ = {isa = PBXFileReference; fileEncoding = 4; lastKnownFileType = sourcecode.c.objc; path = HomeModel.m; sourceTree = "<group>"; };
		495182991B423B8A00B1509C /* FeedItem.h */ = {isa = PBXFileReference; fileEncoding = 4; lastKnownFileType = sourcecode.c.h; path = FeedItem.h; sourceTree = "<group>"; };
		4951829A1B423B8A00B1509C /* FeedItem.m */ = {isa = PBXFileReference; fileEncoding = 4; lastKnownFileType = sourcecode.c.objc; path = FeedItem.m; sourceTree = "<group>"; };
		4953E5CA1B97BD1F00EBB42B /* settingsGear@2x.png */ = {isa = PBXFileReference; lastKnownFileType = image.png; path = "settingsGear@2x.png"; sourceTree = "<group>"; };
		4953E5CC1B97C07B00EBB42B /* SettingsViewController.h */ = {isa = PBXFileReference; fileEncoding = 4; lastKnownFileType = sourcecode.c.h; path = SettingsViewController.h; sourceTree = "<group>"; };
		4953E5CD1B97C07B00EBB42B /* SettingsViewController.m */ = {isa = PBXFileReference; fileEncoding = 4; lastKnownFileType = sourcecode.c.objc; path = SettingsViewController.m; sourceTree = "<group>"; };
		4953E62D1B9A4AFD00EBB42B /* FeedParser.h */ = {isa = PBXFileReference; fileEncoding = 4; lastKnownFileType = sourcecode.c.h; path = FeedParser.h; sourceTree = "<group>"; };
		4953E62E1B9A4AFD00EBB42B /* FeedParser.m */ = {isa = PBXFileReference; fileEncoding = 4; lastKnownFileType = sourcecode.c.objc; path = FeedParser.m; sourceTree = "<group>"; };
		4971E4791B435F5600482419 /* SimpleTableCell.xib */ = {isa = PBXFileReference; fileEncoding = 4; lastKnownFileType = file.xib; path = SimpleTableCell.xib; sourceTree = "<group>"; };
		4971E47B1B43669D00482419 /* SimpleTableCell.h */ = {isa = PBXFileReference; fileEncoding = 4; lastKnownFileType = sourcecode.c.h; path = SimpleTableCell.h; sourceTree = "<group>"; };
		4971E47C1B43669D00482419 /* SimpleTableCell.m */ = {isa = PBXFileReference; fileEncoding = 4; lastKnownFileType = sourcecode.c.objc; path = SimpleTableCell.m; sourceTree = "<group>"; };
		4971E4951B440DDA00482419 /* QuadLogoSlogan1.png */ = {isa = PBXFileReference; lastKnownFileType = image.png; path = QuadLogoSlogan1.png; sourceTree = "<group>"; };
		4971E4A31B44D65F00482419 /* QuadLogoSlogan1_appv@2x.png */ = {isa = PBXFileReference; lastKnownFileType = image.png; path = "QuadLogoSlogan1_appv@2x.png"; sourceTree = "<group>"; };
		4971E4A61B45171900482419 /* ImageDownloader.h */ = {isa = PBXFileReference; fileEncoding = 4; lastKnownFileType = sourcecode.c.h; path = ImageDownloader.h; sourceTree = "<group>"; };
		4971E4A71B45171900482419 /* ImageDownloader.m */ = {isa = PBXFileReference; fileEncoding = 4; lastKnownFileType = sourcecode.c.objc; path = ImageDownloader.m; sourceTree = "<group>"; };
		4971E4A91B45286D00482419 /* loading@2x.png */ = {isa = PBXFileReference; lastKnownFileType = image.png; path = "loading@2x.png"; sourceTree = "<group>"; };
		499457C21BAB6A8500EBC747 /* LeftToRightSegue.h */ = {isa = PBXFileReference; fileEncoding = 4; lastKnownFileType = sourcecode.c.h; path = LeftToRightSegue.h; sourceTree = "<group>"; };
		499457C31BAB6A8500EBC747 /* LeftToRightSegue.m */ = {isa = PBXFileReference; fileEncoding = 4; lastKnownFileType = sourcecode.c.objc; path = LeftToRightSegue.m; sourceTree = "<group>"; };
/* End PBXFileReference section */

/* Begin PBXFrameworksBuildPhase section */
		495182671B4238EA00B1509C /* Frameworks */ = {
			isa = PBXFrameworksBuildPhase;
			buildActionMask = 2147483647;
			files = (
			);
			runOnlyForDeploymentPostprocessing = 0;
		};
		495182831B4238EA00B1509C /* Frameworks */ = {
			isa = PBXFrameworksBuildPhase;
			buildActionMask = 2147483647;
			files = (
			);
			runOnlyForDeploymentPostprocessing = 0;
		};
/* End PBXFrameworksBuildPhase section */

/* Begin PBXGroup section */
		4915A7C11BF29CD6002FBE0B /* View Controllers */ = {
			isa = PBXGroup;
			children = (
				495182741B4238EA00B1509C /* MasterViewController.h */,
				495182751B4238EA00B1509C /* MasterViewController.m */,
				495182771B4238EA00B1509C /* DetailViewController.h */,
				495182781B4238EA00B1509C /* DetailViewController.m */,
				4927D15B1B478DE500FF6661 /* TabViewController.h */,
				4927D15C1B478DE500FF6661 /* TabViewController.m */,
				4953E5CC1B97C07B00EBB42B /* SettingsViewController.h */,
				4953E5CD1B97C07B00EBB42B /* SettingsViewController.m */,
			);
			name = "View Controllers";
			sourceTree = "<group>";
		};
		4915A7C21BF29D07002FBE0B /* Downloaders/Parsers */ = {
			isa = PBXGroup;
			children = (
				495182961B423A2600B1509C /* HomeModel.h */,
				495182971B423A2600B1509C /* HomeModel.m */,
				4971E4A61B45171900482419 /* ImageDownloader.h */,
				4971E4A71B45171900482419 /* ImageDownloader.m */,
				4953E62D1B9A4AFD00EBB42B /* FeedParser.h */,
				4953E62E1B9A4AFD00EBB42B /* FeedParser.m */,
			);
			name = Downloaders/Parsers;
			sourceTree = "<group>";
		};
		4915A7C31BF29D4F002FBE0B /* Custom Objects */ = {
			isa = PBXGroup;
			children = (
				495182991B423B8A00B1509C /* FeedItem.h */,
				4951829A1B423B8A00B1509C /* FeedItem.m */,
				4971E4791B435F5600482419 /* SimpleTableCell.xib */,
				4971E47B1B43669D00482419 /* SimpleTableCell.h */,
				4971E47C1B43669D00482419 /* SimpleTableCell.m */,
				4927D15E1B47920300FF6661 /* WebItem.h */,
				4927D15F1B47920300FF6661 /* WebItem.m */,
				499457C21BAB6A8500EBC747 /* LeftToRightSegue.h */,
				499457C31BAB6A8500EBC747 /* LeftToRightSegue.m */,
			);
			name = "Custom Objects";
			sourceTree = "<group>";
		};
		4919ECB81C3758EB007FA854 /* DateTools */ = {
			isa = PBXGroup;
			children = (
				4919ECB91C3758EB007FA854 /* DateTools.bundle */,
				4919ECBA1C3758EB007FA854 /* DateTools.h */,
				4919ECBB1C3758EB007FA854 /* DTConstants.h */,
				4919ECBC1C3758EB007FA854 /* DTConstants.m */,
				4919ECBD1C3758EB007FA854 /* DTError.h */,
				4919ECBE1C3758EB007FA854 /* DTError.m */,
				4919ECBF1C3758EB007FA854 /* DTTimePeriod.h */,
				4919ECC01C3758EB007FA854 /* DTTimePeriod.m */,
				4919ECC11C3758EB007FA854 /* DTTimePeriodChain.h */,
				4919ECC21C3758EB007FA854 /* DTTimePeriodChain.m */,
				4919ECC31C3758EB007FA854 /* DTTimePeriodCollection.h */,
				4919ECC41C3758EB007FA854 /* DTTimePeriodCollection.m */,
				4919ECC51C3758EB007FA854 /* DTTimePeriodGroup.h */,
				4919ECC61C3758EB007FA854 /* DTTimePeriodGroup.m */,
				4919ECC71C3758EB007FA854 /* NSDate+DateTools.h */,
				4919ECC81C3758EB007FA854 /* NSDate+DateTools.m */,
			);
			path = DateTools;
			sourceTree = "<group>";
		};
		49225F1C1B9A51F50029E8D0 /* HTML */ = {
			isa = PBXGroup;
			children = (
				49225F431B9A52020029E8D0 /* NSString+HTML.h */,
				49225F441B9A52020029E8D0 /* NSString+HTML.m */,
				49225F5E1B9A523F0029E8D0 /* GTMNSString+HTML.h */,
				49225F5F1B9A523F0029E8D0 /* GTMNSString+HTML.m */,
				493377481BD576780071671A /* NSData+Base64.h */,
				493377491BD576780071671A /* NSData+Base64.m */,
			);
			name = HTML;
			sourceTree = "<group>";
		};
		495182611B4238EA00B1509C = {
			isa = PBXGroup;
			children = (
				4951826C1B4238EA00B1509C /* QuadTest2 */,
				495182891B4238EA00B1509C /* QuadTest2Tests */,
				4951826B1B4238EA00B1509C /* Products */,
			);
			sourceTree = "<group>";
		};
		4951826B1B4238EA00B1509C /* Products */ = {
			isa = PBXGroup;
			children = (
				4951826A1B4238EA00B1509C /* SHPQuad.app */,
				495182861B4238EA00B1509C /* SHPQuadTests.xctest */,
			);
			name = Products;
			sourceTree = "<group>";
		};
		4951826C1B4238EA00B1509C /* QuadTest2 */ = {
			isa = PBXGroup;
			children = (
				4915A7C11BF29CD6002FBE0B /* View Controllers */,
				4915A7C21BF29D07002FBE0B /* Downloaders/Parsers */,
				4915A7C31BF29D4F002FBE0B /* Custom Objects */,
				49225F1C1B9A51F50029E8D0 /* HTML */,
				4919ECB81C3758EB007FA854 /* DateTools */,
				4971E4941B440DC400482419 /* Icons/Images */,
				495182711B4238EA00B1509C /* AppDelegate.h */,
				495182721B4238EA00B1509C /* AppDelegate.m */,
				4951827A1B4238EA00B1509C /* Main.storyboard */,
				4951827D1B4238EA00B1509C /* Images.xcassets */,
				4951827F1B4238EA00B1509C /* LaunchScreen.xib */,
				4951826D1B4238EA00B1509C /* Supporting Files */,
			);
			path = QuadTest2;
			sourceTree = "<group>";
		};
		4951826D1B4238EA00B1509C /* Supporting Files */ = {
			isa = PBXGroup;
			children = (
				4951826E1B4238EA00B1509C /* Info.plist */,
				4951826F1B4238EA00B1509C /* main.m */,
			);
			name = "Supporting Files";
			sourceTree = "<group>";
		};
		495182891B4238EA00B1509C /* QuadTest2Tests */ = {
			isa = PBXGroup;
			children = (
				4951828C1B4238EA00B1509C /* QuadTest2Tests.m */,
				4951828A1B4238EA00B1509C /* Supporting Files */,
			);
			path = QuadTest2Tests;
			sourceTree = "<group>";
		};
		4951828A1B4238EA00B1509C /* Supporting Files */ = {
			isa = PBXGroup;
			children = (
				4951828B1B4238EA00B1509C /* Info.plist */,
			);
			name = "Supporting Files";
			sourceTree = "<group>";
		};
		4971E4941B440DC400482419 /* Icons/Images */ = {
			isa = PBXGroup;
			children = (
				4971E4951B440DDA00482419 /* QuadLogoSlogan1.png */,
				49225F651B9F88470029E8D0 /* QuadLogoSlogan1_appv@1x.png */,
				4971E4A31B44D65F00482419 /* QuadLogoSlogan1_appv@2x.png */,
				49225F671B9F88520029E8D0 /* QuadLogoSlogan1_appv@3x.png */,
				49225F611B9F88340029E8D0 /* loading@1x.png */,
				4971E4A91B45286D00482419 /* loading@2x.png */,
				49225F631B9F883B0029E8D0 /* loading@3x.png */,
				49225F691B9F885F0029E8D0 /* QuadTabButton@1x.png */,
				4927D1591B47850700FF6661 /* QuadTabButton@2x.png */,
				49225F6B1B9F886A0029E8D0 /* QuadTabButton@3x.png */,
				49225F6D1B9F88DE0029E8D0 /* settingsGear@1x.png */,
				4953E5CA1B97BD1F00EBB42B /* settingsGear@2x.png */,
				49225F6F1B9F88E60029E8D0 /* settingsGear@3x.png */,
				49225F711B9F89FC0029E8D0 /* loading2@1x.png */,
				49225F721B9F89FC0029E8D0 /* loading2@2x.png */,
				49225F731B9F89FC0029E8D0 /* loading2@3x.png */,
			);
			name = Icons/Images;
			sourceTree = "<group>";
		};
/* End PBXGroup section */

/* Begin PBXNativeTarget section */
		495182691B4238EA00B1509C /* SHPQuad */ = {
			isa = PBXNativeTarget;
			buildConfigurationList = 495182901B4238EA00B1509C /* Build configuration list for PBXNativeTarget "SHPQuad" */;
			buildPhases = (
				495182661B4238EA00B1509C /* Sources */,
				495182671B4238EA00B1509C /* Frameworks */,
				495182681B4238EA00B1509C /* Resources */,
				4933774B1BD5CFF40071671A /* ShellScript */,
			);
			buildRules = (
			);
			dependencies = (
			);
			name = SHPQuad;
			productName = QuadTest2;
			productReference = 4951826A1B4238EA00B1509C /* SHPQuad.app */;
			productType = "com.apple.product-type.application";
		};
		495182851B4238EA00B1509C /* SHPQuadTests */ = {
			isa = PBXNativeTarget;
			buildConfigurationList = 495182931B4238EA00B1509C /* Build configuration list for PBXNativeTarget "SHPQuadTests" */;
			buildPhases = (
				495182821B4238EA00B1509C /* Sources */,
				495182831B4238EA00B1509C /* Frameworks */,
				495182841B4238EA00B1509C /* Resources */,
			);
			buildRules = (
			);
			dependencies = (
				495182881B4238EA00B1509C /* PBXTargetDependency */,
			);
			name = SHPQuadTests;
			productName = QuadTest2Tests;
			productReference = 495182861B4238EA00B1509C /* SHPQuadTests.xctest */;
			productType = "com.apple.product-type.bundle.unit-test";
		};
/* End PBXNativeTarget section */

/* Begin PBXProject section */
		495182621B4238EA00B1509C /* Project object */ = {
			isa = PBXProject;
			attributes = {
				LastUpgradeCheck = 0700;
				ORGANIZATIONNAME = SHPQuad;
				TargetAttributes = {
					495182691B4238EA00B1509C = {
						CreatedOnToolsVersion = 6.3.2;
						DevelopmentTeam = 2G8GTT36H9;
						SystemCapabilities = {
							com.apple.Push = {
								enabled = 1;
							};
						};
					};
					495182851B4238EA00B1509C = {
						CreatedOnToolsVersion = 6.3.2;
						TestTargetID = 495182691B4238EA00B1509C;
					};
				};
			};
			buildConfigurationList = 495182651B4238EA00B1509C /* Build configuration list for PBXProject "SHPQuad" */;
			compatibilityVersion = "Xcode 3.2";
			developmentRegion = English;
			hasScannedForEncodings = 0;
			knownRegions = (
				en,
				Base,
			);
			mainGroup = 495182611B4238EA00B1509C;
			productRefGroup = 4951826B1B4238EA00B1509C /* Products */;
			projectDirPath = "";
			projectRoot = "";
			targets = (
				495182691B4238EA00B1509C /* SHPQuad */,
				495182851B4238EA00B1509C /* SHPQuadTests */,
			);
		};
/* End PBXProject section */

/* Begin PBXResourcesBuildPhase section */
		495182681B4238EA00B1509C /* Resources */ = {
			isa = PBXResourcesBuildPhase;
			buildActionMask = 2147483647;
			files = (
				49225F6C1B9F886A0029E8D0 /* QuadTabButton@3x.png in Resources */,
				4951827C1B4238EA00B1509C /* Main.storyboard in Resources */,
				495182811B4238EA00B1509C /* LaunchScreen.xib in Resources */,
				49225F751B9F89FC0029E8D0 /* loading2@2x.png in Resources */,
				49225F661B9F88470029E8D0 /* QuadLogoSlogan1_appv@1x.png in Resources */,
				49225F701B9F88E60029E8D0 /* settingsGear@3x.png in Resources */,
				4953E5CB1B97BD1F00EBB42B /* settingsGear@2x.png in Resources */,
				4971E4961B440DDA00482419 /* QuadLogoSlogan1.png in Resources */,
				4919ECC91C3758EB007FA854 /* DateTools.bundle in Resources */,
				4971E4A41B44D65F00482419 /* QuadLogoSlogan1_appv@2x.png in Resources */,
				49225F681B9F88520029E8D0 /* QuadLogoSlogan1_appv@3x.png in Resources */,
				49225F641B9F883B0029E8D0 /* loading@3x.png in Resources */,
				4971E47A1B435F5600482419 /* SimpleTableCell.xib in Resources */,
				4951827E1B4238EA00B1509C /* Images.xcassets in Resources */,
				49225F6A1B9F885F0029E8D0 /* QuadTabButton@1x.png in Resources */,
				4971E4AA1B45286D00482419 /* loading@2x.png in Resources */,
				49225F621B9F88340029E8D0 /* loading@1x.png in Resources */,
				4927D15A1B47850700FF6661 /* QuadTabButton@2x.png in Resources */,
				49225F761B9F89FC0029E8D0 /* loading2@3x.png in Resources */,
				49225F6E1B9F88DE0029E8D0 /* settingsGear@1x.png in Resources */,
				49225F741B9F89FC0029E8D0 /* loading2@1x.png in Resources */,
			);
			runOnlyForDeploymentPostprocessing = 0;
		};
		495182841B4238EA00B1509C /* Resources */ = {
			isa = PBXResourcesBuildPhase;
			buildActionMask = 2147483647;
			files = (
			);
			runOnlyForDeploymentPostprocessing = 0;
		};
/* End PBXResourcesBuildPhase section */

/* Begin PBXShellScriptBuildPhase section */
		4933774B1BD5CFF40071671A /* ShellScript */ = {
			isa = PBXShellScriptBuildPhase;
			buildActionMask = 2147483647;
			files = (
			);
			inputPaths = (
			);
			outputPaths = (
			);
			runOnlyForDeploymentPostprocessing = 0;
			shellPath = /bin/bash;
			shellScript = "#!/bin/bash\nbuildNumber=$(/usr/libexec/PlistBuddy -c \"Print CFBundleVersion\" \"$INFOPLIST_FILE\")\nbuildNumber=$(($buildNumber + 1))\n/usr/libexec/PlistBuddy -c \"Set :CFBundleVersion $buildNumber\" \"$INFOPLIST_FILE\"\n";
		};
/* End PBXShellScriptBuildPhase section */

/* Begin PBXSourcesBuildPhase section */
		495182661B4238EA00B1509C /* Sources */ = {
			isa = PBXSourcesBuildPhase;
			buildActionMask = 2147483647;
			files = (
				499457C41BAB6A8500EBC747 /* LeftToRightSegue.m in Sources */,
				495182981B423A2600B1509C /* HomeModel.m in Sources */,
				4919ECCA1C3758EB007FA854 /* DTConstants.m in Sources */,
				4919ECCD1C3758EB007FA854 /* DTTimePeriodChain.m in Sources */,
				4953E62F1B9A4AFD00EBB42B /* FeedParser.m in Sources */,
				495182731B4238EA00B1509C /* AppDelegate.m in Sources */,
				49225F5A1B9A52020029E8D0 /* NSString+HTML.m in Sources */,
				4919ECCF1C3758EB007FA854 /* DTTimePeriodGroup.m in Sources */,
				4919ECD01C3758EB007FA854 /* NSDate+DateTools.m in Sources */,
				4933774A1BD576780071671A /* NSData+Base64.m in Sources */,
				4927D1601B47920300FF6661 /* WebItem.m in Sources */,
				4953E5CE1B97C07B00EBB42B /* SettingsViewController.m in Sources */,
				4927D15D1B478DE500FF6661 /* TabViewController.m in Sources */,
				495182761B4238EA00B1509C /* MasterViewController.m in Sources */,
				4919ECCC1C3758EB007FA854 /* DTTimePeriod.m in Sources */,
				4971E47D1B43669D00482419 /* SimpleTableCell.m in Sources */,
				4919ECCB1C3758EB007FA854 /* DTError.m in Sources */,
				495182701B4238EA00B1509C /* main.m in Sources */,
				4919ECCE1C3758EB007FA854 /* DTTimePeriodCollection.m in Sources */,
				4951829B1B423B8A00B1509C /* FeedItem.m in Sources */,
				4971E4A81B45171900482419 /* ImageDownloader.m in Sources */,
				495182791B4238EA00B1509C /* DetailViewController.m in Sources */,
				49225F601B9A523F0029E8D0 /* GTMNSString+HTML.m in Sources */,
			);
			runOnlyForDeploymentPostprocessing = 0;
		};
		495182821B4238EA00B1509C /* Sources */ = {
			isa = PBXSourcesBuildPhase;
			buildActionMask = 2147483647;
			files = (
				4951828D1B4238EA00B1509C /* QuadTest2Tests.m in Sources */,
			);
			runOnlyForDeploymentPostprocessing = 0;
		};
/* End PBXSourcesBuildPhase section */

/* Begin PBXTargetDependency section */
		495182881B4238EA00B1509C /* PBXTargetDependency */ = {
			isa = PBXTargetDependency;
			target = 495182691B4238EA00B1509C /* SHPQuad */;
			targetProxy = 495182871B4238EA00B1509C /* PBXContainerItemProxy */;
		};
/* End PBXTargetDependency section */

/* Begin PBXVariantGroup section */
		4951827A1B4238EA00B1509C /* Main.storyboard */ = {
			isa = PBXVariantGroup;
			children = (
				4951827B1B4238EA00B1509C /* Base */,
			);
			name = Main.storyboard;
			sourceTree = "<group>";
		};
		4951827F1B4238EA00B1509C /* LaunchScreen.xib */ = {
			isa = PBXVariantGroup;
			children = (
				495182801B4238EA00B1509C /* Base */,
			);
			name = LaunchScreen.xib;
			sourceTree = "<group>";
		};
/* End PBXVariantGroup section */

/* Begin XCBuildConfiguration section */
		4951828E1B4238EA00B1509C /* Debug */ = {
			isa = XCBuildConfiguration;
			buildSettings = {
				ALWAYS_SEARCH_USER_PATHS = NO;
				CLANG_CXX_LANGUAGE_STANDARD = "gnu++0x";
				CLANG_CXX_LIBRARY = "libc++";
				CLANG_ENABLE_MODULES = YES;
				CLANG_ENABLE_OBJC_ARC = YES;
				CLANG_WARN_BOOL_CONVERSION = YES;
				CLANG_WARN_CONSTANT_CONVERSION = YES;
				CLANG_WARN_DIRECT_OBJC_ISA_USAGE = YES_ERROR;
				CLANG_WARN_EMPTY_BODY = YES;
				CLANG_WARN_ENUM_CONVERSION = YES;
				CLANG_WARN_INT_CONVERSION = YES;
				CLANG_WARN_OBJC_ROOT_CLASS = YES_ERROR;
				CLANG_WARN_UNREACHABLE_CODE = YES;
				CLANG_WARN__DUPLICATE_METHOD_MATCH = YES;
				"CODE_SIGN_IDENTITY[sdk=iphoneos*]" = "iPhone Developer";
				COPY_PHASE_STRIP = NO;
				DEBUG_INFORMATION_FORMAT = "dwarf-with-dsym";
				ENABLE_STRICT_OBJC_MSGSEND = YES;
				ENABLE_TESTABILITY = YES;
				GCC_C_LANGUAGE_STANDARD = gnu99;
				GCC_DYNAMIC_NO_PIC = NO;
				GCC_NO_COMMON_BLOCKS = YES;
				GCC_OPTIMIZATION_LEVEL = 0;
				GCC_PREPROCESSOR_DEFINITIONS = (
					"DEBUG=1",
					"$(inherited)",
				);
				GCC_SYMBOLS_PRIVATE_EXTERN = NO;
				GCC_WARN_64_TO_32_BIT_CONVERSION = YES;
				GCC_WARN_ABOUT_RETURN_TYPE = YES_ERROR;
				GCC_WARN_UNDECLARED_SELECTOR = YES;
				GCC_WARN_UNINITIALIZED_AUTOS = YES_AGGRESSIVE;
				GCC_WARN_UNUSED_FUNCTION = YES;
				GCC_WARN_UNUSED_VARIABLE = YES;
				IPHONEOS_DEPLOYMENT_TARGET = 8.0;
				MTL_ENABLE_DEBUG_INFO = YES;
				ONLY_ACTIVE_ARCH = YES;
				SDKROOT = iphoneos;
				TARGETED_DEVICE_FAMILY = "1,2";
			};
			name = Debug;
		};
		4951828F1B4238EA00B1509C /* Release */ = {
			isa = XCBuildConfiguration;
			buildSettings = {
				ALWAYS_SEARCH_USER_PATHS = NO;
				CLANG_CXX_LANGUAGE_STANDARD = "gnu++0x";
				CLANG_CXX_LIBRARY = "libc++";
				CLANG_ENABLE_MODULES = YES;
				CLANG_ENABLE_OBJC_ARC = YES;
				CLANG_WARN_BOOL_CONVERSION = YES;
				CLANG_WARN_CONSTANT_CONVERSION = YES;
				CLANG_WARN_DIRECT_OBJC_ISA_USAGE = YES_ERROR;
				CLANG_WARN_EMPTY_BODY = YES;
				CLANG_WARN_ENUM_CONVERSION = YES;
				CLANG_WARN_INT_CONVERSION = YES;
				CLANG_WARN_OBJC_ROOT_CLASS = YES_ERROR;
				CLANG_WARN_UNREACHABLE_CODE = YES;
				CLANG_WARN__DUPLICATE_METHOD_MATCH = YES;
				"CODE_SIGN_IDENTITY[sdk=iphoneos*]" = "iPhone Developer";
				COPY_PHASE_STRIP = NO;
				DEBUG_INFORMATION_FORMAT = "dwarf-with-dsym";
				ENABLE_NS_ASSERTIONS = NO;
				ENABLE_STRICT_OBJC_MSGSEND = YES;
				GCC_C_LANGUAGE_STANDARD = gnu99;
				GCC_NO_COMMON_BLOCKS = YES;
				GCC_WARN_64_TO_32_BIT_CONVERSION = YES;
				GCC_WARN_ABOUT_RETURN_TYPE = YES_ERROR;
				GCC_WARN_UNDECLARED_SELECTOR = YES;
				GCC_WARN_UNINITIALIZED_AUTOS = YES_AGGRESSIVE;
				GCC_WARN_UNUSED_FUNCTION = YES;
				GCC_WARN_UNUSED_VARIABLE = YES;
				IPHONEOS_DEPLOYMENT_TARGET = 8.0;
				MTL_ENABLE_DEBUG_INFO = NO;
				SDKROOT = iphoneos;
				TARGETED_DEVICE_FAMILY = "1,2";
				VALIDATE_PRODUCT = YES;
			};
			name = Release;
		};
		495182911B4238EA00B1509C /* Debug */ = {
			isa = XCBuildConfiguration;
			buildSettings = {
				ASSETCATALOG_COMPILER_APPICON_NAME = AppIcon;
				CODE_SIGN_IDENTITY = "iPhone Developer";
				"CODE_SIGN_IDENTITY[sdk=iphoneos*]" = "iPhone Developer";
				CURRENT_PROJECT_VERSION = 1.2;
				INFOPLIST_FILE = QuadTest2/Info.plist;
				IPHONEOS_DEPLOYMENT_TARGET = 8.0;
				LD_RUNPATH_SEARCH_PATHS = "$(inherited) @executable_path/Frameworks";
				PRODUCT_BUNDLE_IDENTIFIER = "org.shpquad.$(PRODUCT_NAME:rfc1034identifier)";
				PRODUCT_NAME = SHPQuad;
				PROVISIONING_PROFILE = "7a616eb6-585e-4b3d-a2ea-c7316b4c5492";
				VERSIONING_SYSTEM = "apple-generic";
			};
			name = Debug;
		};
		495182921B4238EA00B1509C /* Release */ = {
			isa = XCBuildConfiguration;
			buildSettings = {
				ASSETCATALOG_COMPILER_APPICON_NAME = AppIcon;
				CODE_SIGN_IDENTITY = "iPhone Developer";
				"CODE_SIGN_IDENTITY[sdk=iphoneos*]" = "iPhone Developer";
				CURRENT_PROJECT_VERSION = 1.2;
				INFOPLIST_FILE = QuadTest2/Info.plist;
				IPHONEOS_DEPLOYMENT_TARGET = 8.0;
				LD_RUNPATH_SEARCH_PATHS = "$(inherited) @executable_path/Frameworks";
				PRODUCT_BUNDLE_IDENTIFIER = "org.shpquad.$(PRODUCT_NAME:rfc1034identifier)";
				PRODUCT_NAME = SHPQuad;
				PROVISIONING_PROFILE = "7a616eb6-585e-4b3d-a2ea-c7316b4c5492";
				VERSIONING_SYSTEM = "apple-generic";
			};
			name = Release;
		};
		495182941B4238EA00B1509C /* Debug */ = {
			isa = XCBuildConfiguration;
			buildSettings = {
				BUNDLE_LOADER = "$(TEST_HOST)";
				FRAMEWORK_SEARCH_PATHS = (
					"$(SDKROOT)/Developer/Library/Frameworks",
					"$(inherited)",
				);
				GCC_PREPROCESSOR_DEFINITIONS = (
					"DEBUG=1",
					"$(inherited)",
				);
				INFOPLIST_FILE = QuadTest2Tests/Info.plist;
				LD_RUNPATH_SEARCH_PATHS = "$(inherited) @executable_path/Frameworks @loader_path/Frameworks";
				PRODUCT_BUNDLE_IDENTIFIER = "org.shpquad.$(PRODUCT_NAME:rfc1034identifier)";
				PRODUCT_NAME = SHPQuadTests;
				TEST_HOST = "$(BUILT_PRODUCTS_DIR)/QuadTest2.app/QuadTest2";
			};
			name = Debug;
		};
		495182951B4238EA00B1509C /* Release */ = {
			isa = XCBuildConfiguration;
			buildSettings = {
				BUNDLE_LOADER = "$(TEST_HOST)";
				FRAMEWORK_SEARCH_PATHS = (
					"$(SDKROOT)/Developer/Library/Frameworks",
					"$(inherited)",
				);
				INFOPLIST_FILE = QuadTest2Tests/Info.plist;
				LD_RUNPATH_SEARCH_PATHS = "$(inherited) @executable_path/Frameworks @loader_path/Frameworks";
				PRODUCT_BUNDLE_IDENTIFIER = "org.shpquad.$(PRODUCT_NAME:rfc1034identifier)";
				PRODUCT_NAME = SHPQuadTests;
				TEST_HOST = "$(BUILT_PRODUCTS_DIR)/QuadTest2.app/QuadTest2";
			};
			name = Release;
		};
/* End XCBuildConfiguration section */

/* Begin XCConfigurationList section */
		495182651B4238EA00B1509C /* Build configuration list for PBXProject "SHPQuad" */ = {
			isa = XCConfigurationList;
			buildConfigurations = (
				4951828E1B4238EA00B1509C /* Debug */,
				4951828F1B4238EA00B1509C /* Release */,
			);
			defaultConfigurationIsVisible = 0;
			defaultConfigurationName = Release;
		};
		495182901B4238EA00B1509C /* Build configuration list for PBXNativeTarget "SHPQuad" */ = {
			isa = XCConfigurationList;
			buildConfigurations = (
				495182911B4238EA00B1509C /* Debug */,
				495182921B4238EA00B1509C /* Release */,
			);
			defaultConfigurationIsVisible = 0;
			defaultConfigurationName = Release;
		};
		495182931B4238EA00B1509C /* Build configuration list for PBXNativeTarget "SHPQuadTests" */ = {
			isa = XCConfigurationList;
			buildConfigurations = (
				495182941B4238EA00B1509C /* Debug */,
				495182951B4238EA00B1509C /* Release */,
			);
			defaultConfigurationIsVisible = 0;
			defaultConfigurationName = Release;
		};
/* End XCConfigurationList section */
	};
	rootObject = 495182621B4238EA00B1509C /* Project object */;
}
